{
  "name": "pancake-browser-vite-fixture",
  "lockfileVersion": 3,
  "requires": true,
  "packages": {
    "": {
      "name": "pancake-browser-vite-fixture",
      "dependencies": {
        "pancake-wasm": "file:../.."
      }
    },
    "../..": {
      "name": "pancake-wasm",
      "version": "0.1.0",
      "license": "Apache-2.0",
      "devDependencies": {
        "hnswlib-node": "^3.0.0",
        "playwright": "^1.60.0",
        "usearch": "^2.25.1",
        "vite": "^8.0.12",
        "wrangler": "^4.81.1"
      },
      "engines": {
        "node": ">=16"
      }
    },
    "node_modules/pancake-wasm": {
      "resolved": "../..",
      "link": true
    }
  }
}
